<?xml version="1.0" encoding="utf-8"?>
<Project ToolsVersion="4.0" xmlns="http://schemas.microsoft.com/developer/msbuild/2003">
  <ItemGroup>
    <Filter Include="Source Files">
      <UniqueIdentifier>{4FC737F1-C7A5-4376-A066-2A32D752A2FF}</UniqueIdentifier>
      <Extensions>cpp;c;cc;cxx;def;odl;idl;hpj;bat;asm;asmx</Extensions>
    </Filter>
    <Filter Include="Header Files">
      <UniqueIdentifier>{93995380-89BD-4b04-88EB-625FBE52EBFB}</UniqueIdentifier>
      <Extensions>h;hh;hpp;hxx;hm;inl;inc;xsd</Extensions>
    </Filter>
    <Filter Include="Resource Files">
      <UniqueIdentifier>{67DA6AB6-F800-4c08-8B7A-83BB121AAD01}</UniqueIdentifier>
      <Extensions>rc;ico;cur;bmp;dlg;rc2;rct;bin;rgs;gif;jpg;jpeg;jpe;resx;tiff;tif;png;wav;mfcribbon-ms</Extensions>
    </Filter>
    <Filter Include="Source Files\SDL">
      <UniqueIdentifier>{a7399d7c-c1ea-4a6f-931c-618a4686e8f7}</UniqueIdentifier>
    </Filter>
    <Filter Include="Header Files\SDL">
      <UniqueIdentifier>{0f04c839-9e2d-485d-94e4-5b285779c8d3}</UniqueIdentifier>
    </Filter>
    <Filter Include="Header Files\Managed GUI">
      <UniqueIdentifier>{8f985365-4e26-480f-be2a-b020eb649f34}</UniqueIdentifier>
    </Filter>
    <Filter Include="Source Files\Managed GUI">
      <UniqueIdentifier>{60137606-a461-4d64-890a-8374b165e181}</UniqueIdentifier>
    </Filter>
  </ItemGroup>
  <ItemGroup>
    <Text Include="ReadMe.txt" />
  </ItemGroup>
  <ItemGroup>
    <ClInclude Include="ApplicationWindow.h">
      <Filter>Header Files\SDL</Filter>
    </ClInclude>
    <ClInclude Include="Surface.h">
      <Filter>Header Files\SDL</Filter>
    </ClInclude>
    <ClInclude Include="pipeline.h">
      <Filter>Header Files</Filter>
    </ClInclude>
    <ClInclude Include="event.h">
      <Filter>Header Files</Filter>
    </ClInclude>
    <ClInclude Include="IDrawable.h">
      <Filter>Header Files\Managed GUI</Filter>
    </ClInclude>
    <ClInclude Include="Canvas.h">
      <Filter>Header Files\Managed GUI</Filter>
    </ClInclude>
    <ClInclude Include="LayoutManager.h">
      <Filter>Header Files</Filter>
    </ClInclude>
    <ClInclude Include="GUIUtility.h">
      <Filter>Header Files</Filter>
    </ClInclude>
  </ItemGroup>
  <ItemGroup>
    <ClCompile Include="A3-2.cpp">
      <Filter>Source Files</Filter>
    </ClCompile>
    <ClCompile Include="Surface.cpp">
      <Filter>Source Files\SDL</Filter>
    </ClCompile>
    <ClCompile Include="ApplicationWindow.cpp">
      <Filter>Source Files\SDL</Filter>
    </ClCompile>
    <ClCompile Include="Canvas.cpp">
      <Filter>Source Files\Managed GUI</Filter>
    </ClCompile>
    <ClCompile Include="LayoutManager.cpp">
      <Filter>Source Files</Filter>
    </ClCompile>
    <ClCompile Include="GUIUtility.cpp">
      <Filter>Source Files</Filter>
    </ClCompile>
  </ItemGroup>
</Project>